// !$*UTF8*$!
{
	archiveVersion = 1;
	classes = {
	};
	objectVersion = 50;
	objects = {

/* Begin PBXBuildFile section */
		47FFFCF223883A2B00DA5268 /* AppDelegate.swift in Sources */ = {isa = PBXBuildFile; fileRef = 47FFFCF123883A2B00DA5268 /* AppDelegate.swift */; };
		47FFFCF823883A2B00DA5268 /* GameScene.swift in Sources */ = {isa = PBXBuildFile; fileRef = 47FFFCF723883A2B00DA5268 /* GameScene.swift */; };
		47FFFCFA23883A2B00DA5268 /* ViewController.swift in Sources */ = {isa = PBXBuildFile; fileRef = 47FFFCF923883A2B00DA5268 /* ViewController.swift */; };
		47FFFCFC23883A2C00DA5268 /* Assets.xcassets in Resources */ = {isa = PBXBuildFile; fileRef = 47FFFCFB23883A2C00DA5268 /* Assets.xcassets */; };
		47FFFCFF23883A2C00DA5268 /* Main.storyboard in Resources */ = {isa = PBXBuildFile; fileRef = 47FFFCFD23883A2C00DA5268 /* Main.storyboard */; };
		47FFFD0923883A8000DA5268 /* Chocolate.swift in Sources */ = {isa = PBXBuildFile; fileRef = 47FFFD0823883A8000DA5268 /* Chocolate.swift */; };
		47FFFD0B23883A8C00DA5268 /* Dinossaur.swift in Sources */ = {isa = PBXBuildFile; fileRef = 47FFFD0A23883A8C00DA5268 /* Dinossaur.swift */; };
		47FFFD0D23883B4F00DA5268 /* PhysicsCategory.swift in Sources */ = {isa = PBXBuildFile; fileRef = 47FFFD0C23883B4F00DA5268 /* PhysicsCategory.swift */; };
		47FFFD0F23883BA300DA5268 /* stegosaurus.png in Resources */ = {isa = PBXBuildFile; fileRef = 47FFFD0E23883BA300DA5268 /* stegosaurus.png */; };
		47FFFD1123883BA700DA5268 /* chocolate.png in Resources */ = {isa = PBXBuildFile; fileRef = 47FFFD1023883BA700DA5268 /* chocolate.png */; };
/* End PBXBuildFile section */

/* Begin PBXFileReference section */
		47FFFCEE23883A2B00DA5268 /* MiniGame.app */ = {isa = PBXFileReference; explicitFileType = wrapper.application; includeInIndex = 0; path = MiniGame.app; sourceTree = BUILT_PRODUCTS_DIR; };
		47FFFCF123883A2B00DA5268 /* AppDelegate.swift */ = {isa = PBXFileReference; lastKnownFileType = sourcecode.swift; path = AppDelegate.swift; sourceTree = "<group>"; };
		47FFFCF723883A2B00DA5268 /* GameScene.swift */ = {isa = PBXFileReference; lastKnownFileType = sourcecode.swift; path = GameScene.swift; sourceTree = "<group>"; };
		47FFFCF923883A2B00DA5268 /* ViewController.swift */ = {isa = PBXFileReference; lastKnownFileType = sourcecode.swift; path = ViewController.swift; sourceTree = "<group>"; };
		47FFFCFB23883A2C00DA5268 /* Assets.xcassets */ = {isa = PBXFileReference; lastKnownFileType = folder.assetcatalog; path = Assets.xcassets; sourceTree = "<group>"; };
		47FFFCFE23883A2C00DA5268 /* Base */ = {isa = PBXFileReference; lastKnownFileType = file.storyboard; name = Base; path = Base.lproj/Main.storyboard; sourceTree = "<group>"; };
		47FFFD0023883A2C00DA5268 /* Info.plist */ = {isa = PBXFileReference; lastKnownFileType = text.plist.xml; path = Info.plist; sourceTree = "<group>"; };
		47FFFD0123883A2C00DA5268 /* MiniGame.entitlements */ = {isa = PBXFileReference; lastKnownFileType = text.plist.entitlements; path = MiniGame.entitlements; sourceTree = "<group>"; };
		47FFFD0823883A8000DA5268 /* Chocolate.swift */ = {isa = PBXFileReference; lastKnownFileType = sourcecode.swift; path = Chocolate.swift; sourceTree = "<group>"; };
		47FFFD0A23883A8C00DA5268 /* Dinossaur.swift */ = {isa = PBXFileReference; lastKnownFileType = sourcecode.swift; path = Dinossaur.swift; sourceTree = "<group>"; };
		47FFFD0C23883B4F00DA5268 /* PhysicsCategory.swift */ = {isa = PBXFileReference; lastKnownFileType = sourcecode.swift; path = PhysicsCategory.swift; sourceTree = "<group>"; };
		47FFFD0E23883BA300DA5268 /* stegosaurus.png */ = {isa = PBXFileReference; lastKnownFileType = image.png; path = stegosaurus.png; sourceTree = "<group>"; };
		47FFFD1023883BA700DA5268 /* chocolate.png */ = {isa = PBXFileReference; lastKnownFileType = image.png; path = chocolate.png; sourceTree = "<group>"; };
/* End PBXFileReference section */

/* Begin PBXFrameworksBuildPhase section */
		47FFFCEB23883A2B00DA5268 /* Frameworks */ = {
			isa = PBXFrameworksBuildPhase;
			buildActionMask = 2147483647;
			files = (
			);
			runOnlyForDeploymentPostprocessing = 0;
		};
/* End PBXFrameworksBuildPhase section */

/* Begin PBXGroup section */
		47FFFCE523883A2B00DA5268 = {
			isa = PBXGroup;
			children = (
				47FFFCF023883A2B00DA5268 /* MiniGame */,
				47FFFCEF23883A2B00DA5268 /* Products */,
			);
			sourceTree = "<group>";
		};
		47FFFCEF23883A2B00DA5268 /* Products */ = {
			isa = PBXGroup;
			children = (
				47FFFCEE23883A2B00DA5268 /* MiniGame.app */,
			);
			name = Products;
			sourceTree = "<group>";
		};
		47FFFCF023883A2B00DA5268 /* MiniGame */ = {
			isa = PBXGroup;
			children = (
				47FFFD0723883A3800DA5268 /* Core */,
				47FFFCF723883A2B00DA5268 /* GameScene.swift */,
				47FFFD0823883A8000DA5268 /* Chocolate.swift */,
				47FFFD0A23883A8C00DA5268 /* Dinossaur.swift */,
				47FFFD0C23883B4F00DA5268 /* PhysicsCategory.swift */,
			);
			path = MiniGame;
			sourceTree = "<group>";
		};
		47FFFD0723883A3800DA5268 /* Core */ = {
			isa = PBXGroup;
			children = (
				47FFFD1023883BA700DA5268 /* chocolate.png */,
				47FFFD0E23883BA300DA5268 /* stegosaurus.png */,
				47FFFCF123883A2B00DA5268 /* AppDelegate.swift */,
				47FFFCF923883A2B00DA5268 /* ViewController.swift */,
				47FFFCFB23883A2C00DA5268 /* Assets.xcassets */,
				47FFFCFD23883A2C00DA5268 /* Main.storyboard */,
				47FFFD0023883A2C00DA5268 /* Info.plist */,
				47FFFD0123883A2C00DA5268 /* MiniGame.entitlements */,
			);
			name = Core;
			sourceTree = "<group>";
		};
/* End PBXGroup section */

/* Begin PBXNativeTarget section */
		47FFFCED23883A2B00DA5268 /* MiniGame */ = {
			isa = PBXNativeTarget;
			buildConfigurationList = 47FFFD0423883A2C00DA5268 /* Build configuration list for PBXNativeTarget "MiniGame" */;
			buildPhases = (
				47FFFCEA23883A2B00DA5268 /* Sources */,
				47FFFCEB23883A2B00DA5268 /* Frameworks */,
				47FFFCEC23883A2B00DA5268 /* Resources */,
			);
			buildRules = (
			);
			dependencies = (
			);
			name = MiniGame;
			productName = MiniGame;
			productReference = 47FFFCEE23883A2B00DA5268 /* MiniGame.app */;
			productType = "com.apple.product-type.application";
		};
/* End PBXNativeTarget section */

/* Begin PBXProject section */
		47FFFCE623883A2B00DA5268 /* Project object */ = {
			isa = PBXProject;
			attributes = {
				LastSwiftUpdateCheck = 1120;
				LastUpgradeCheck = 1120;
				ORGANIZATIONNAME = DanielLima;
				TargetAttributes = {
					47FFFCED23883A2B00DA5268 = {
						CreatedOnToolsVersion = 11.2.1;
					};
				};
			};
			buildConfigurationList = 47FFFCE923883A2B00DA5268 /* Build configuration list for PBXProject "MiniGame" */;
			compatibilityVersion = "Xcode 9.3";
			developmentRegion = en;
			hasScannedForEncodings = 0;
			knownRegions = (
				en,
				Base,
			);
			mainGroup = 47FFFCE523883A2B00DA5268;
			productRefGroup = 47FFFCEF23883A2B00DA5268 /* Products */;
			projectDirPath = "";
			projectRoot = "";
			targets = (
				47FFFCED23883A2B00DA5268 /* MiniGame */,
			);
		};
/* End PBXProject section */

/* Begin PBXResourcesBuildPhase section */
		47FFFCEC23883A2B00DA5268 /* Resources */ = {
			isa = PBXResourcesBuildPhase;
			buildActionMask = 2147483647;
			files = (
				47FFFCFC23883A2C00DA5268 /* Assets.xcassets in Resources */,
				47FFFCFF23883A2C00DA5268 /* Main.storyboard in Resources */,
				47FFFD1123883BA700DA5268 /* chocolate.png in Resources */,
				47FFFD0F23883BA300DA5268 /* stegosaurus.png in Resources */,
			);
			runOnlyForDeploymentPostprocessing = 0;
		};
/* End PBXResourcesBuildPhase section */

/* Begin PBXSourcesBuildPhase section */
		47FFFCEA23883A2B00DA5268 /* Sources */ = {
			isa = PBXSourcesBuildPhase;
			buildActionMask = 2147483647;
			files = (
				47FFFD0923883A8000DA5268 /* Chocolate.swift in Sources */,
				47FFFCFA23883A2B00DA5268 /* ViewController.swift in Sources */,
				47FFFD0B23883A8C00DA5268 /* Dinossaur.swift in Sources */,
				47FFFD0D23883B4F00DA5268 /* PhysicsCategory.swift in Sources */,
				47FFFCF823883A2B00DA5268 /* GameScene.swift in Sources */,
				47FFFCF223883A2B00DA5268 /* AppDelegate.swift in Sources */,
			);
			runOnlyForDeploymentPostprocessing = 0;
		};
/* End PBXSourcesBuildPhase section */

/* Begin PBXVariantGroup section */
		47FFFCFD23883A2C00DA5268 /* Main.storyboard */ = {
			isa = PBXVariantGroup;
			children = (
				47FFFCFE23883A2C00DA5268 /* Base */,
			);
			name = Main.storyboard;
			sourceTree = "<group>";
		};
/* End PBXVariantGroup section */

/* Begin XCBuildConfiguration section */
		47FFFD0223883A2C00DA5268 /* Debug */ = {
			isa = XCBuildConfiguration;
			buildSettings = {
				ALWAYS_SEARCH_USER_PATHS = NO;
				CLANG_ANALYZER_NONNULL = YES;
				CLANG_ANALYZER_NUMBER_OBJECT_CONVERSION = YES_AGGRESSIVE;
				CLANG_CXX_LANGUAGE_STANDARD = "gnu++14";
				CLANG_CXX_LIBRARY = "libc++";
				CLANG_ENABLE_MODULES = YES;
				CLANG_ENABLE_OBJC_ARC = YES;
				CLANG_ENABLE_OBJC_WEAK = YES;
				CLANG_WARN_BLOCK_CAPTURE_AUTORELEASING = YES;
				CLANG_WARN_BOOL_CONVERSION = YES;
				CLANG_WARN_COMMA = YES;
				CLANG_WARN_CONSTANT_CONVERSION = YES;
				CLANG_WARN_DEPRECATED_OBJC_IMPLEMENTATIONS = YES;
				CLANG_WARN_DIRECT_OBJC_ISA_USAGE = YES_ERROR;
				CLANG_WARN_DOCUMENTATION_COMMENTS = YES;
				CLANG_WARN_EMPTY_BODY = YES;
				CLANG_WARN_ENUM_CONVERSION = YES;
				CLANG_WARN_INFINITE_RECURSION = YES;
				CLANG_WARN_INT_CONVERSION = YES;
				CLANG_WARN_NON_LITERAL_NULL_CONVERSION = YES;
				CLANG_WARN_OBJC_IMPLICIT_RETAIN_SELF = YES;
				CLANG_WARN_OBJC_LITERAL_CONVERSION = YES;
				CLANG_WARN_OBJC_ROOT_CLASS = YES_ERROR;
				CLANG_WARN_RANGE_LOOP_ANALYSIS = YES;
				CLANG_WARN_STRICT_PROTOTYPES = YES;
				CLANG_WARN_SUSPICIOUS_MOVE = YES;
				CLANG_WARN_UNGUARDED_AVAILABILITY = YES_AGGRESSIVE;
				CLANG_WARN_UNREACHABLE_CODE = YES;
				CLANG_WARN__DUPLICATE_METHOD_MATCH = YES;
				COPY_PHASE_STRIP = NO;
				DEBUG_INFORMATION_FORMAT = dwarf;
				ENABLE_STRICT_OBJC_MSGSEND = YES;
				ENABLE_TESTABILITY = YES;
				GCC_C_LANGUAGE_STANDARD = gnu11;
				GCC_DYNAMIC_NO_PIC = NO;
				GCC_NO_COMMON_BLOCKS = YES;
				GCC_OPTIMIZATION_LEVEL = 0;
				GCC_PREPROCESSOR_DEFINITIONS = (
					"DEBUG=1",
					"$(inherited)",
				);
				GCC_WARN_64_TO_32_BIT_CONVERSION = YES;
				GCC_WARN_ABOUT_RETURN_TYPE = YES_ERROR;
				GCC_WARN_UNDECLARED_SELECTOR = YES;
				GCC_WARN_UNINITIALIZED_AUTOS = YES_AGGRESSIVE;
				GCC_WARN_UNUSED_FUNCTION = YES;
				GCC_WARN_UNUSED_VARIABLE = YES;
				MACOSX_DEPLOYMENT_TARGET = 10.14;
				MTL_ENABLE_DEBUG_INFO = INCLUDE_SOURCE;
				MTL_FAST_MATH = YES;
				ONLY_ACTIVE_ARCH = YES;
				SDKROOT = macosx;
				SWIFT_ACTIVE_COMPILATION_CONDITIONS = DEBUG;
				SWIFT_OPTIMIZATION_LEVEL = "-Onone";
			};
			name = Debug;
		};
		47FFFD0323883A2C00DA5268 /* Release */ = {
			isa = XCBuildConfiguration;
			buildSettings = {
				ALWAYS_SEARCH_USER_PATHS = NO;
				CLANG_ANALYZER_NONNULL = YES;
				CLANG_ANALYZER_NUMBER_OBJECT_CONVERSION = YES_AGGRESSIVE;
				CLANG_CXX_LANGUAGE_STANDARD = "gnu++14";
				CLANG_CXX_LIBRARY = "libc++";
				CLANG_ENABLE_MODULES = YES;
				CLANG_ENABLE_OBJC_ARC = YES;
				CLANG_ENABLE_OBJC_WEAK = YES;
				CLANG_WARN_BLOCK_CAPTURE_AUTORELEASING = YES;
				CLANG_WARN_BOOL_CONVERSION = YES;
				CLANG_WARN_COMMA = YES;
				CLANG_WARN_CONSTANT_CONVERSION = YES;
				CLANG_WARN_DEPRECATED_OBJC_IMPLEMENTATIONS = YES;
				CLANG_WARN_DIRECT_OBJC_ISA_USAGE = YES_ERROR;
				CLANG_WARN_DOCUMENTATION_COMMENTS = YES;
				CLANG_WARN_EMPTY_BODY = YES;
				CLANG_WARN_ENUM_CONVERSION = YES;
				CLANG_WARN_INFINITE_RECURSION = YES;
				CLANG_WARN_INT_CONVERSION = YES;
				CLANG_WARN_NON_LITERAL_NULL_CONVERSION = YES;
				CLANG_WARN_OBJC_IMPLICIT_RETAIN_SELF = YES;
				CLANG_WARN_OBJC_LITERAL_CONVERSION = YES;
				CLANG_WARN_OBJC_ROOT_CLASS = YES_ERROR;
				CLANG_WARN_RANGE_LOOP_ANALYSIS = YES;
				CLANG_WARN_STRICT_PROTOTYPES = YES;
				CLANG_WARN_SUSPICIOUS_MOVE = YES;
				CLANG_WARN_UNGUARDED_AVAILABILITY = YES_AGGRESSIVE;
				CLANG_WARN_UNREACHABLE_CODE = YES;
				CLANG_WARN__DUPLICATE_METHOD_MATCH = YES;
				COPY_PHASE_STRIP = NO;
				DEBUG_INFORMATION_FORMAT = "dwarf-with-dsym";
				ENABLE_NS_ASSERTIONS = NO;
				ENABLE_STRICT_OBJC_MSGSEND = YES;
				GCC_C_LANGUAGE_STANDARD = gnu11;
				GCC_NO_COMMON_BLOCKS = YES;
				GCC_WARN_64_TO_32_BIT_CONVERSION = YES;
				GCC_WARN_ABOUT_RETURN_TYPE = YES_ERROR;
				GCC_WARN_UNDECLARED_SELECTOR = YES;
				GCC_WARN_UNINITIALIZED_AUTOS = YES_AGGRESSIVE;
				GCC_WARN_UNUSED_FUNCTION = YES;
				GCC_WARN_UNUSED_VARIABLE = YES;
				MACOSX_DEPLOYMENT_TARGET = 10.14;
				MTL_ENABLE_DEBUG_INFO = NO;
				MTL_FAST_MATH = YES;
				SDKROOT = macosx;
				SWIFT_COMPILATION_MODE = wholemodule;
				SWIFT_OPTIMIZATION_LEVEL = "-O";
			};
			name = Release;
		};
		47FFFD0523883A2C00DA5268 /* Debug */ = {
			isa = XCBuildConfiguration;
			buildSettings = {
				ASSETCATALOG_COMPILER_APPICON_NAME = AppIcon;
				CODE_SIGN_ENTITLEMENTS = MiniGame/MiniGame.entitlements;
				CODE_SIGN_STYLE = Automatic;
				COMBINE_HIDPI_IMAGES = YES;
				DEVELOPMENT_TEAM = VY9L7K3A35;
				ENABLE_HARDENED_RUNTIME = YES;
				INFOPLIST_FILE = MiniGame/Info.plist;
				LD_RUNPATH_SEARCH_PATHS = (
					"$(inherited)",
					"@executable_path/../Frameworks",
				);
				PRODUCT_BUNDLE_IDENTIFIER = com.daniellima.MiniGame;
				PRODUCT_NAME = "$(TARGET_NAME)";
				SWIFT_VERSION = 5.0;
			};
			name = Debug;
		};
		47FFFD0623883A2C00DA5268 /* Release */ = {
			isa = XCBuildConfiguration;
			buildSettings = {
				ASSETCATALOG_COMPILER_APPICON_NAME = AppIcon;
				CODE_SIGN_ENTITLEMENTS = MiniGame/MiniGame.entitlements;
				CODE_SIGN_STYLE = Automatic;
				COMBINE_HIDPI_IMAGES = YES;
				DEVELOPMENT_TEAM = VY9L7K3A35;
				ENABLE_HARDENED_RUNTIME = YES;
				INFOPLIST_FILE = MiniGame/Info.plist;
				LD_RUNPATH_SEARCH_PATHS = (
					"$(inherited)",
					"@executable_path/../Frameworks",
				);
				PRODUCT_BUNDLE_IDENTIFIER = com.daniellima.MiniGame;
				PRODUCT_NAME = "$(TARGET_NAME)";
				SWIFT_VERSION = 5.0;
			};
			name = Release;
		};
/* End XCBuildConfiguration section */

/* Begin XCConfigurationList section */
		47FFFCE923883A2B00DA5268 /* Build configuration list for PBXProject "MiniGame" */ = {
			isa = XCConfigurationList;
			buildConfigurations = (
				47FFFD0223883A2C00DA5268 /* Debug */,
				47FFFD0323883A2C00DA5268 /* Release */,
			);
			defaultConfigurationIsVisible = 0;
			defaultConfigurationName = Release;
		};
		47FFFD0423883A2C00DA5268 /* Build configuration list for PBXNativeTarget "MiniGame" */ = {
			isa = XCConfigurationList;
			buildConfigurations = (
				47FFFD0523883A2C00DA5268 /* Debug */,
				47FFFD0623883A2C00DA5268 /* Release */,
			);
			defaultConfigurationIsVisible = 0;
			defaultConfigurationName = Release;
		};
/* End XCConfigurationList section */
	};
	rootObject = 47FFFCE623883A2B00DA5268 /* Project object */;
}
