// !$*UTF8*$!
{
	archiveVersion = 1;
	classes = {
	};
	objectVersion = 50;
	objects = {

/* Begin PBXBuildFile section */
		479CFE22253A043E0082A492 /* AppDelegate.swift in Sources */ = {isa = PBXBuildFile; fileRef = 479CFE21253A043E0082A492 /* AppDelegate.swift */; };
		479CFE24253A043E0082A492 /* SceneDelegate.swift in Sources */ = {isa = PBXBuildFile; fileRef = 479CFE23253A043E0082A492 /* SceneDelegate.swift */; };
		479CFE26253A043E0082A492 /* ViewController.swift in Sources */ = {isa = PBXBuildFile; fileRef = 479CFE25253A043E0082A492 /* ViewController.swift */; };
		479CFE29253A043E0082A492 /* Main.storyboard in Resources */ = {isa = PBXBuildFile; fileRef = 479CFE27253A043E0082A492 /* Main.storyboard */; };
		479CFE2B253A04420082A492 /* Assets.xcassets in Resources */ = {isa = PBXBuildFile; fileRef = 479CFE2A253A04420082A492 /* Assets.xcassets */; };
		479CFE2E253A04420082A492 /* LaunchScreen.storyboard in Resources */ = {isa = PBXBuildFile; fileRef = 479CFE2C253A04420082A492 /* LaunchScreen.storyboard */; };
		479CFE37253A065C0082A492 /* RedViewController.swift in Sources */ = {isa = PBXBuildFile; fileRef = 479CFE36253A065C0082A492 /* RedViewController.swift */; };
		479CFE39253A06660082A492 /* YellowViewController.swift in Sources */ = {isa = PBXBuildFile; fileRef = 479CFE38253A06660082A492 /* YellowViewController.swift */; };
/* End PBXBuildFile section */

/* Begin PBXFileReference section */
		479CFE1E253A043E0082A492 /* Instruments.app */ = {isa = PBXFileReference; explicitFileType = wrapper.application; includeInIndex = 0; path = Instruments.app; sourceTree = BUILT_PRODUCTS_DIR; };
		479CFE21253A043E0082A492 /* AppDelegate.swift */ = {isa = PBXFileReference; lastKnownFileType = sourcecode.swift; path = AppDelegate.swift; sourceTree = "<group>"; };
		479CFE23253A043E0082A492 /* SceneDelegate.swift */ = {isa = PBXFileReference; lastKnownFileType = sourcecode.swift; path = SceneDelegate.swift; sourceTree = "<group>"; };
		479CFE25253A043E0082A492 /* ViewController.swift */ = {isa = PBXFileReference; lastKnownFileType = sourcecode.swift; path = ViewController.swift; sourceTree = "<group>"; };
		479CFE28253A043E0082A492 /* Base */ = {isa = PBXFileReference; lastKnownFileType = file.storyboard; name = Base; path = Base.lproj/Main.storyboard; sourceTree = "<group>"; };
		479CFE2A253A04420082A492 /* Assets.xcassets */ = {isa = PBXFileReference; lastKnownFileType = folder.assetcatalog; path = Assets.xcassets; sourceTree = "<group>"; };
		479CFE2D253A04420082A492 /* Base */ = {isa = PBXFileReference; lastKnownFileType = file.storyboard; name = Base; path = Base.lproj/LaunchScreen.storyboard; sourceTree = "<group>"; };
		479CFE2F253A04420082A492 /* Info.plist */ = {isa = PBXFileReference; lastKnownFileType = text.plist.xml; path = Info.plist; sourceTree = "<group>"; };
		479CFE36253A065C0082A492 /* RedViewController.swift */ = {isa = PBXFileReference; lastKnownFileType = sourcecode.swift; path = RedViewController.swift; sourceTree = "<group>"; };
		479CFE38253A06660082A492 /* YellowViewController.swift */ = {isa = PBXFileReference; lastKnownFileType = sourcecode.swift; path = YellowViewController.swift; sourceTree = "<group>"; };
/* End PBXFileReference section */

/* Begin PBXFrameworksBuildPhase section */
		479CFE1B253A043E0082A492 /* Frameworks */ = {
			isa = PBXFrameworksBuildPhase;
			buildActionMask = 2147483647;
			files = (
			);
			runOnlyForDeploymentPostprocessing = 0;
		};
/* End PBXFrameworksBuildPhase section */

/* Begin PBXGroup section */
		479CFE15253A043E0082A492 = {
			isa = PBXGroup;
			children = (
				479CFE20253A043E0082A492 /* Instruments */,
				479CFE1F253A043E0082A492 /* Products */,
			);
			sourceTree = "<group>";
		};
		479CFE1F253A043E0082A492 /* Products */ = {
			isa = PBXGroup;
			children = (
				479CFE1E253A043E0082A492 /* Instruments.app */,
			);
			name = Products;
			sourceTree = "<group>";
		};
		479CFE20253A043E0082A492 /* Instruments */ = {
			isa = PBXGroup;
			children = (
				479CFE35253A063F0082A492 /* common */,
				479CFE25253A043E0082A492 /* ViewController.swift */,
				479CFE36253A065C0082A492 /* RedViewController.swift */,
				479CFE38253A06660082A492 /* YellowViewController.swift */,
			);
			path = Instruments;
			sourceTree = "<group>";
		};
		479CFE35253A063F0082A492 /* common */ = {
			isa = PBXGroup;
			children = (
				479CFE21253A043E0082A492 /* AppDelegate.swift */,
				479CFE23253A043E0082A492 /* SceneDelegate.swift */,
				479CFE27253A043E0082A492 /* Main.storyboard */,
				479CFE2A253A04420082A492 /* Assets.xcassets */,
				479CFE2C253A04420082A492 /* LaunchScreen.storyboard */,
				479CFE2F253A04420082A492 /* Info.plist */,
			);
			name = common;
			sourceTree = "<group>";
		};
/* End PBXGroup section */

/* Begin PBXNativeTarget section */
		479CFE1D253A043E0082A492 /* Instruments */ = {
			isa = PBXNativeTarget;
			buildConfigurationList = 479CFE32253A04420082A492 /* Build configuration list for PBXNativeTarget "Instruments" */;
			buildPhases = (
				479CFE1A253A043E0082A492 /* Sources */,
				479CFE1B253A043E0082A492 /* Frameworks */,
				479CFE1C253A043E0082A492 /* Resources */,
			);
			buildRules = (
			);
			dependencies = (
			);
			name = Instruments;
			productName = Instruments;
			productReference = 479CFE1E253A043E0082A492 /* Instruments.app */;
			productType = "com.apple.product-type.application";
		};
/* End PBXNativeTarget section */

/* Begin PBXProject section */
		479CFE16253A043E0082A492 /* Project object */ = {
			isa = PBXProject;
			attributes = {
				LastSwiftUpdateCheck = 1130;
				LastUpgradeCheck = 1130;
				ORGANIZATIONNAME = concrete;
				TargetAttributes = {
					479CFE1D253A043E0082A492 = {
						CreatedOnToolsVersion = 11.3.1;
					};
				};
			};
			buildConfigurationList = 479CFE19253A043E0082A492 /* Build configuration list for PBXProject "Instruments" */;
			compatibilityVersion = "Xcode 9.3";
			developmentRegion = en;
			hasScannedForEncodings = 0;
			knownRegions = (
				en,
				Base,
			);
			mainGroup = 479CFE15253A043E0082A492;
			productRefGroup = 479CFE1F253A043E0082A492 /* Products */;
			projectDirPath = "";
			projectRoot = "";
			targets = (
				479CFE1D253A043E0082A492 /* Instruments */,
			);
		};
/* End PBXProject section */

/* Begin PBXResourcesBuildPhase section */
		479CFE1C253A043E0082A492 /* Resources */ = {
			isa = PBXResourcesBuildPhase;
			buildActionMask = 2147483647;
			files = (
				479CFE2E253A04420082A492 /* LaunchScreen.storyboard in Resources */,
				479CFE2B253A04420082A492 /* Assets.xcassets in Resources */,
				479CFE29253A043E0082A492 /* Main.storyboard in Resources */,
			);
			runOnlyForDeploymentPostprocessing = 0;
		};
/* End PBXResourcesBuildPhase section */

/* Begin PBXSourcesBuildPhase section */
		479CFE1A253A043E0082A492 /* Sources */ = {
			isa = PBXSourcesBuildPhase;
			buildActionMask = 2147483647;
			files = (
				479CFE37253A065C0082A492 /* RedViewController.swift in Sources */,
				479CFE26253A043E0082A492 /* ViewController.swift in Sources */,
				479CFE22253A043E0082A492 /* AppDelegate.swift in Sources */,
				479CFE24253A043E0082A492 /* SceneDelegate.swift in Sources */,
				479CFE39253A06660082A492 /* YellowViewController.swift in Sources */,
			);
			runOnlyForDeploymentPostprocessing = 0;
		};
/* End PBXSourcesBuildPhase section */

/* Begin PBXVariantGroup section */
		479CFE27253A043E0082A492 /* Main.storyboard */ = {
			isa = PBXVariantGroup;
			children = (
				479CFE28253A043E0082A492 /* Base */,
			);
			name = Main.storyboard;
			sourceTree = "<group>";
		};
		479CFE2C253A04420082A492 /* LaunchScreen.storyboard */ = {
			isa = PBXVariantGroup;
			children = (
				479CFE2D253A04420082A492 /* Base */,
			);
			name = LaunchScreen.storyboard;
			sourceTree = "<group>";
		};
/* End PBXVariantGroup section */

/* Begin XCBuildConfiguration section */
		479CFE30253A04420082A492 /* Debug */ = {
			isa = XCBuildConfiguration;
			buildSettings = {
				ALWAYS_SEARCH_USER_PATHS = NO;
				CLANG_ANALYZER_NONNULL = YES;
				CLANG_ANALYZER_NUMBER_OBJECT_CONVERSION = YES_AGGRESSIVE;
				CLANG_CXX_LANGUAGE_STANDARD = "gnu++14";
				CLANG_CXX_LIBRARY = "libc++";
				CLANG_ENABLE_MODULES = YES;
				CLANG_ENABLE_OBJC_ARC = YES;
				CLANG_ENABLE_OBJC_WEAK = YES;
				CLANG_WARN_BLOCK_CAPTURE_AUTORELEASING = YES;
				CLANG_WARN_BOOL_CONVERSION = YES;
				CLANG_WARN_COMMA = YES;
				CLANG_WARN_CONSTANT_CONVERSION = YES;
				CLANG_WARN_DEPRECATED_OBJC_IMPLEMENTATIONS = YES;
				CLANG_WARN_DIRECT_OBJC_ISA_USAGE = YES_ERROR;
				CLANG_WARN_DOCUMENTATION_COMMENTS = YES;
				CLANG_WARN_EMPTY_BODY = YES;
				CLANG_WARN_ENUM_CONVERSION = YES;
				CLANG_WARN_INFINITE_RECURSION = YES;
				CLANG_WARN_INT_CONVERSION = YES;
				CLANG_WARN_NON_LITERAL_NULL_CONVERSION = YES;
				CLANG_WARN_OBJC_IMPLICIT_RETAIN_SELF = YES;
				CLANG_WARN_OBJC_LITERAL_CONVERSION = YES;
				CLANG_WARN_OBJC_ROOT_CLASS = YES_ERROR;
				CLANG_WARN_RANGE_LOOP_ANALYSIS = YES;
				CLANG_WARN_STRICT_PROTOTYPES = YES;
				CLANG_WARN_SUSPICIOUS_MOVE = YES;
				CLANG_WARN_UNGUARDED_AVAILABILITY = YES_AGGRESSIVE;
				CLANG_WARN_UNREACHABLE_CODE = YES;
				CLANG_WARN__DUPLICATE_METHOD_MATCH = YES;
				COPY_PHASE_STRIP = NO;
				DEBUG_INFORMATION_FORMAT = dwarf;
				ENABLE_STRICT_OBJC_MSGSEND = YES;
				ENABLE_TESTABILITY = YES;
				GCC_C_LANGUAGE_STANDARD = gnu11;
				GCC_DYNAMIC_NO_PIC = NO;
				GCC_NO_COMMON_BLOCKS = YES;
				GCC_OPTIMIZATION_LEVEL = 0;
				GCC_PREPROCESSOR_DEFINITIONS = (
					"DEBUG=1",
					"$(inherited)",
				);
				GCC_WARN_64_TO_32_BIT_CONVERSION = YES;
				GCC_WARN_ABOUT_RETURN_TYPE = YES_ERROR;
				GCC_WARN_UNDECLARED_SELECTOR = YES;
				GCC_WARN_UNINITIALIZED_AUTOS = YES_AGGRESSIVE;
				GCC_WARN_UNUSED_FUNCTION = YES;
				GCC_WARN_UNUSED_VARIABLE = YES;
				IPHONEOS_DEPLOYMENT_TARGET = 13.2;
				MTL_ENABLE_DEBUG_INFO = INCLUDE_SOURCE;
				MTL_FAST_MATH = YES;
				ONLY_ACTIVE_ARCH = YES;
				SDKROOT = iphoneos;
				SWIFT_ACTIVE_COMPILATION_CONDITIONS = DEBUG;
				SWIFT_OPTIMIZATION_LEVEL = "-Onone";
			};
			name = Debug;
		};
		479CFE31253A04420082A492 /* Release */ = {
			isa = XCBuildConfiguration;
			buildSettings = {
				ALWAYS_SEARCH_USER_PATHS = NO;
				CLANG_ANALYZER_NONNULL = YES;
				CLANG_ANALYZER_NUMBER_OBJECT_CONVERSION = YES_AGGRESSIVE;
				CLANG_CXX_LANGUAGE_STANDARD = "gnu++14";
				CLANG_CXX_LIBRARY = "libc++";
				CLANG_ENABLE_MODULES = YES;
				CLANG_ENABLE_OBJC_ARC = YES;
				CLANG_ENABLE_OBJC_WEAK = YES;
				CLANG_WARN_BLOCK_CAPTURE_AUTORELEASING = YES;
				CLANG_WARN_BOOL_CONVERSION = YES;
				CLANG_WARN_COMMA = YES;
				CLANG_WARN_CONSTANT_CONVERSION = YES;
				CLANG_WARN_DEPRECATED_OBJC_IMPLEMENTATIONS = YES;
				CLANG_WARN_DIRECT_OBJC_ISA_USAGE = YES_ERROR;
				CLANG_WARN_DOCUMENTATION_COMMENTS = YES;
				CLANG_WARN_EMPTY_BODY = YES;
				CLANG_WARN_ENUM_CONVERSION = YES;
				CLANG_WARN_INFINITE_RECURSION = YES;
				CLANG_WARN_INT_CONVERSION = YES;
				CLANG_WARN_NON_LITERAL_NULL_CONVERSION = YES;
				CLANG_WARN_OBJC_IMPLICIT_RETAIN_SELF = YES;
				CLANG_WARN_OBJC_LITERAL_CONVERSION = YES;
				CLANG_WARN_OBJC_ROOT_CLASS = YES_ERROR;
				CLANG_WARN_RANGE_LOOP_ANALYSIS = YES;
				CLANG_WARN_STRICT_PROTOTYPES = YES;
				CLANG_WARN_SUSPICIOUS_MOVE = YES;
				CLANG_WARN_UNGUARDED_AVAILABILITY = YES_AGGRESSIVE;
				CLANG_WARN_UNREACHABLE_CODE = YES;
				CLANG_WARN__DUPLICATE_METHOD_MATCH = YES;
				COPY_PHASE_STRIP = NO;
				DEBUG_INFORMATION_FORMAT = "dwarf-with-dsym";
				ENABLE_NS_ASSERTIONS = NO;
				ENABLE_STRICT_OBJC_MSGSEND = YES;
				GCC_C_LANGUAGE_STANDARD = gnu11;
				GCC_NO_COMMON_BLOCKS = YES;
				GCC_WARN_64_TO_32_BIT_CONVERSION = YES;
				GCC_WARN_ABOUT_RETURN_TYPE = YES_ERROR;
				GCC_WARN_UNDECLARED_SELECTOR = YES;
				GCC_WARN_UNINITIALIZED_AUTOS = YES_AGGRESSIVE;
				GCC_WARN_UNUSED_FUNCTION = YES;
				GCC_WARN_UNUSED_VARIABLE = YES;
				IPHONEOS_DEPLOYMENT_TARGET = 13.2;
				MTL_ENABLE_DEBUG_INFO = NO;
				MTL_FAST_MATH = YES;
				SDKROOT = iphoneos;
				SWIFT_COMPILATION_MODE = wholemodule;
				SWIFT_OPTIMIZATION_LEVEL = "-O";
				VALIDATE_PRODUCT = YES;
			};
			name = Release;
		};
		479CFE33253A04420082A492 /* Debug */ = {
			isa = XCBuildConfiguration;
			buildSettings = {
				ASSETCATALOG_COMPILER_APPICON_NAME = AppIcon;
				CODE_SIGN_STYLE = Automatic;
				INFOPLIST_FILE = Instruments/Info.plist;
				LD_RUNPATH_SEARCH_PATHS = (
					"$(inherited)",
					"@executable_path/Frameworks",
				);
				PRODUCT_BUNDLE_IDENTIFIER = com.concrete.Instruments;
				PRODUCT_NAME = "$(TARGET_NAME)";
				SWIFT_VERSION = 5.0;
				TARGETED_DEVICE_FAMILY = "1,2";
			};
			name = Debug;
		};
		479CFE34253A04420082A492 /* Release */ = {
			isa = XCBuildConfiguration;
			buildSettings = {
				ASSETCATALOG_COMPILER_APPICON_NAME = AppIcon;
				CODE_SIGN_STYLE = Automatic;
				INFOPLIST_FILE = Instruments/Info.plist;
				LD_RUNPATH_SEARCH_PATHS = (
					"$(inherited)",
					"@executable_path/Frameworks",
				);
				PRODUCT_BUNDLE_IDENTIFIER = com.concrete.Instruments;
				PRODUCT_NAME = "$(TARGET_NAME)";
				SWIFT_VERSION = 5.0;
				TARGETED_DEVICE_FAMILY = "1,2";
			};
			name = Release;
		};
/* End XCBuildConfiguration section */

/* Begin XCConfigurationList section */
		479CFE19253A043E0082A492 /* Build configuration list for PBXProject "Instruments" */ = {
			isa = XCConfigurationList;
			buildConfigurations = (
				479CFE30253A04420082A492 /* Debug */,
				479CFE31253A04420082A492 /* Release */,
			);
			defaultConfigurationIsVisible = 0;
			defaultConfigurationName = Release;
		};
		479CFE32253A04420082A492 /* Build configuration list for PBXNativeTarget "Instruments" */ = {
			isa = XCConfigurationList;
			buildConfigurations = (
				479CFE33253A04420082A492 /* Debug */,
				479CFE34253A04420082A492 /* Release */,
			);
			defaultConfigurationIsVisible = 0;
			defaultConfigurationName = Release;
		};
/* End XCConfigurationList section */
	};
	rootObject = 479CFE16253A043E0082A492 /* Project object */;
}
